
Microsoft Visual Studio Solution File, Format Version 12.00
# Visual Studio 2013
VisualStudioVersion = 12.0.21005.1
MinimumVisualStudioVersion = 10.0.40219.1
Project("{8BC9CEB8-8B4A-11D0-8D11-00A0C91BC942}") = "test_11_13", "test_11_13\test_11_13.vcxproj", "{004E180A-2E4F-4485-9CE0-FC8DA23A94EC}"
EndProject
Global
	GlobalSection(SolutionConfigurationPlatforms) = preSolution
		Debug|Win32 = Debug|Win32
		Release|Win32 = Release|Win32
	EndGlobalSection
	GlobalSection(ProjectConfigurationPlatforms) = postSolution
		{004E180A-2E4F-4485-9CE0-FC8DA23A94EC}.Debug|Win32.ActiveCfg = Debug|Win32
		{004E180A-2E4F-4485-9CE0-FC8DA23A94EC}.Debug|Win32.Build.0 = Debug|Win32
		{004E180A-2E4F-4485-9CE0-FC8DA23A94EC}.Release|Win32.ActiveCfg = Release|Win32
		{004E180A-2E4F-4485-9CE0-FC8DA23A94EC}.Release|Win32.Build.0 = Release|Win32
	EndGlobalSection
	GlobalSection(SolutionProperties) = preSolution
		HideSolutionNode = FALSE
	EndGlobalSection
EndGlobal
