
Microsoft Visual Studio Solution File, Format Version 12.00
# Visual Studio 2013
VisualStudioVersion = 12.0.21005.1
MinimumVisualStudioVersion = 10.0.40219.1
Project("{8BC9CEB8-8B4A-11D0-8D11-00A0C91BC942}") = "teat_11_23", "teat_11_23\teat_11_23.vcxproj", "{37BC754A-4D88-4E9B-AE08-3494BF3C0C4C}"
EndProject
Global
	GlobalSection(SolutionConfigurationPlatforms) = preSolution
		Debug|Win32 = Debug|Win32
		Release|Win32 = Release|Win32
	EndGlobalSection
	GlobalSection(ProjectConfigurationPlatforms) = postSolution
		{37BC754A-4D88-4E9B-AE08-3494BF3C0C4C}.Debug|Win32.ActiveCfg = Debug|Win32
		{37BC754A-4D88-4E9B-AE08-3494BF3C0C4C}.Debug|Win32.Build.0 = Debug|Win32
		{37BC754A-4D88-4E9B-AE08-3494BF3C0C4C}.Release|Win32.ActiveCfg = Release|Win32
		{37BC754A-4D88-4E9B-AE08-3494BF3C0C4C}.Release|Win32.Build.0 = Release|Win32
	EndGlobalSection
	GlobalSection(SolutionProperties) = preSolution
		HideSolutionNode = FALSE
	EndGlobalSection
EndGlobal
